Microsoft Visual Studio Solution File, Format Version 7.00
Project("{8BC9CEB8-8B4A-11D0-8D11-00A0C91BC942}") = "test-schrodinger", "test-schrodinger.vcproj", "{A6E8E822-5464-42C7-9F66-14DC0B5C097F}"
EndProject
Global
	GlobalSection(SolutionConfiguration) = preSolution
		ConfigName.0 = Debug
		ConfigName.1 = Release
	EndGlobalSection
	GlobalSection(ProjectDependencies) = postSolution
	EndGlobalSection
	GlobalSection(ProjectConfiguration) = postSolution
		{A6E8E822-5464-42C7-9F66-14DC0B5C097F}.Debug.ActiveCfg = Debug|Win32
		{A6E8E822-5464-42C7-9F66-14DC0B5C097F}.Debug.Build.0 = Debug|Win32
		{A6E8E822-5464-42C7-9F66-14DC0B5C097F}.Release.ActiveCfg = Release|Win32
		{A6E8E822-5464-42C7-9F66-14DC0B5C097F}.Release.Build.0 = Release|Win32
	EndGlobalSection
	GlobalSection(ExtensibilityGlobals) = postSolution
	EndGlobalSection
	GlobalSection(ExtensibilityAddIns) = postSolution
	EndGlobalSection
EndGlobal
