Microsoft Visual Studio Solution File, Format Version 8.00
Project("{8BC9CEB8-8B4A-11D0-8D11-00A0C91BC942}") = "WinHTTrack", "WinHTTrack.vcproj", "{4707CDEB-E576-4664-98A8-94D99BA190B8}"
	ProjectSection(ProjectDependencies) = postProject
		{E76AD871-54C1-45E8-A657-6117ADEFFB46} = {E76AD871-54C1-45E8-A657-6117ADEFFB46}
	EndProjectSection
EndProject
Project("{8BC9CEB8-8B4A-11D0-8D11-00A0C91BC942}") = "libhttrack", "..\libhttrack\libhttrack.vcproj", "{E76AD871-54C1-45E8-A657-6117ADEFFB46}"
	ProjectSection(ProjectDependencies) = postProject
	EndProjectSection
EndProject
Project("{8BC9CEB8-8B4A-11D0-8D11-00A0C91BC942}") = "httrack", "..\httrack.vcproj", "{D0E894E7-F64C-4722-9807-9ABB1054D43A}"
	ProjectSection(ProjectDependencies) = postProject
		{E76AD871-54C1-45E8-A657-6117ADEFFB46} = {E76AD871-54C1-45E8-A657-6117ADEFFB46}
	EndProjectSection
EndProject
Project("{8BC9CEB8-8B4A-11D0-8D11-00A0C91BC942}") = "webhttrack", "..\webhttrack\webhttrack.vcproj", "{B2A68D1B-3EB3-4B16-B634-8D36AC4266EC}"
	ProjectSection(ProjectDependencies) = postProject
		{E76AD871-54C1-45E8-A657-6117ADEFFB46} = {E76AD871-54C1-45E8-A657-6117ADEFFB46}
		{D0E894E7-F64C-4722-9807-9ABB1054D43A} = {D0E894E7-F64C-4722-9807-9ABB1054D43A}
	EndProjectSection
EndProject
Project("{8BC9CEB8-8B4A-11D0-8D11-00A0C91BC942}") = "htsswf", "..\htsswf\htsswf.vcproj", "{A8989022-60C3-4B84-8768-8967DC4DE06E}"
	ProjectSection(ProjectDependencies) = postProject
		{B2A68D1B-3EB3-4B16-B634-8D36AC4266EC} = {B2A68D1B-3EB3-4B16-B634-8D36AC4266EC}
		{E76AD871-54C1-45E8-A657-6117ADEFFB46} = {E76AD871-54C1-45E8-A657-6117ADEFFB46}
		{D0E894E7-F64C-4722-9807-9ABB1054D43A} = {D0E894E7-F64C-4722-9807-9ABB1054D43A}
		{4707CDEB-E576-4664-98A8-94D99BA190B8} = {4707CDEB-E576-4664-98A8-94D99BA190B8}
	EndProjectSection
EndProject
Project("{8BC9CEB8-8B4A-11D0-8D11-00A0C91BC942}") = "WinHTTrackIEBar", "..\WinHTTrackIEBar\WinHTTrackIEBar.vcproj", "{B978BD69-4DF2-4CBB-8843-213EC20538EF}"
	ProjectSection(ProjectDependencies) = postProject
	EndProjectSection
EndProject
Global
	GlobalSection(SolutionConfiguration) = preSolution
		Debug = Debug
		Debug release = Debug release
		Release = Release
		Release avec debug = Release avec debug
		Release MinDependency = Release MinDependency
		Release MinSize = Release MinSize
		Unicode Debug = Unicode Debug
		Unicode Release MinDependency = Unicode Release MinDependency
		Unicode Release MinSize = Unicode Release MinSize
	EndGlobalSection
	GlobalSection(ProjectConfiguration) = postSolution
		{4707CDEB-E576-4664-98A8-94D99BA190B8}.Debug.ActiveCfg = Debug|Win32
		{4707CDEB-E576-4664-98A8-94D99BA190B8}.Debug.Build.0 = Debug|Win32
		{4707CDEB-E576-4664-98A8-94D99BA190B8}.Debug release.ActiveCfg = Debug release|Win32
		{4707CDEB-E576-4664-98A8-94D99BA190B8}.Debug release.Build.0 = Debug release|Win32
		{4707CDEB-E576-4664-98A8-94D99BA190B8}.Release.ActiveCfg = Release|Win32
		{4707CDEB-E576-4664-98A8-94D99BA190B8}.Release.Build.0 = Release|Win32
		{4707CDEB-E576-4664-98A8-94D99BA190B8}.Release avec debug.ActiveCfg = Release|Win32
		{4707CDEB-E576-4664-98A8-94D99BA190B8}.Release avec debug.Build.0 = Release|Win32
		{4707CDEB-E576-4664-98A8-94D99BA190B8}.Release MinDependency.ActiveCfg = Release|Win32
		{4707CDEB-E576-4664-98A8-94D99BA190B8}.Release MinDependency.Build.0 = Release|Win32
		{4707CDEB-E576-4664-98A8-94D99BA190B8}.Release MinSize.ActiveCfg = Release|Win32
		{4707CDEB-E576-4664-98A8-94D99BA190B8}.Release MinSize.Build.0 = Release|Win32
		{4707CDEB-E576-4664-98A8-94D99BA190B8}.Unicode Debug.ActiveCfg = Debug|Win32
		{4707CDEB-E576-4664-98A8-94D99BA190B8}.Unicode Debug.Build.0 = Debug|Win32
		{4707CDEB-E576-4664-98A8-94D99BA190B8}.Unicode Release MinDependency.ActiveCfg = Release|Win32
		{4707CDEB-E576-4664-98A8-94D99BA190B8}.Unicode Release MinDependency.Build.0 = Release|Win32
		{4707CDEB-E576-4664-98A8-94D99BA190B8}.Unicode Release MinSize.ActiveCfg = Release|Win32
		{4707CDEB-E576-4664-98A8-94D99BA190B8}.Unicode Release MinSize.Build.0 = Release|Win32
		{E76AD871-54C1-45E8-A657-6117ADEFFB46}.Debug.ActiveCfg = Debug|Win32
		{E76AD871-54C1-45E8-A657-6117ADEFFB46}.Debug.Build.0 = Debug|Win32
		{E76AD871-54C1-45E8-A657-6117ADEFFB46}.Debug release.ActiveCfg = Debug|Win32
		{E76AD871-54C1-45E8-A657-6117ADEFFB46}.Debug release.Build.0 = Debug|Win32
		{E76AD871-54C1-45E8-A657-6117ADEFFB46}.Release.ActiveCfg = Release|Win32
		{E76AD871-54C1-45E8-A657-6117ADEFFB46}.Release.Build.0 = Release|Win32
		{E76AD871-54C1-45E8-A657-6117ADEFFB46}.Release avec debug.ActiveCfg = Release|Win32
		{E76AD871-54C1-45E8-A657-6117ADEFFB46}.Release avec debug.Build.0 = Release|Win32
		{E76AD871-54C1-45E8-A657-6117ADEFFB46}.Release MinDependency.ActiveCfg = Release|Win32
		{E76AD871-54C1-45E8-A657-6117ADEFFB46}.Release MinDependency.Build.0 = Release|Win32
		{E76AD871-54C1-45E8-A657-6117ADEFFB46}.Release MinSize.ActiveCfg = Release|Win32
		{E76AD871-54C1-45E8-A657-6117ADEFFB46}.Release MinSize.Build.0 = Release|Win32
		{E76AD871-54C1-45E8-A657-6117ADEFFB46}.Unicode Debug.ActiveCfg = Debug|Win32
		{E76AD871-54C1-45E8-A657-6117ADEFFB46}.Unicode Debug.Build.0 = Debug|Win32
		{E76AD871-54C1-45E8-A657-6117ADEFFB46}.Unicode Release MinDependency.ActiveCfg = Release|Win32
		{E76AD871-54C1-45E8-A657-6117ADEFFB46}.Unicode Release MinDependency.Build.0 = Release|Win32
		{E76AD871-54C1-45E8-A657-6117ADEFFB46}.Unicode Release MinSize.ActiveCfg = Release|Win32
		{E76AD871-54C1-45E8-A657-6117ADEFFB46}.Unicode Release MinSize.Build.0 = Release|Win32
		{D0E894E7-F64C-4722-9807-9ABB1054D43A}.Debug.ActiveCfg = Debug|Win32
		{D0E894E7-F64C-4722-9807-9ABB1054D43A}.Debug.Build.0 = Debug|Win32
		{D0E894E7-F64C-4722-9807-9ABB1054D43A}.Debug release.ActiveCfg = Debug|Win32
		{D0E894E7-F64C-4722-9807-9ABB1054D43A}.Debug release.Build.0 = Debug|Win32
		{D0E894E7-F64C-4722-9807-9ABB1054D43A}.Release.ActiveCfg = Release|Win32
		{D0E894E7-F64C-4722-9807-9ABB1054D43A}.Release.Build.0 = Release|Win32
		{D0E894E7-F64C-4722-9807-9ABB1054D43A}.Release avec debug.ActiveCfg = Release avec debug|Win32
		{D0E894E7-F64C-4722-9807-9ABB1054D43A}.Release avec debug.Build.0 = Release avec debug|Win32
		{D0E894E7-F64C-4722-9807-9ABB1054D43A}.Release MinDependency.ActiveCfg = Release|Win32
		{D0E894E7-F64C-4722-9807-9ABB1054D43A}.Release MinDependency.Build.0 = Release|Win32
		{D0E894E7-F64C-4722-9807-9ABB1054D43A}.Release MinSize.ActiveCfg = Release|Win32
		{D0E894E7-F64C-4722-9807-9ABB1054D43A}.Release MinSize.Build.0 = Release|Win32
		{D0E894E7-F64C-4722-9807-9ABB1054D43A}.Unicode Debug.ActiveCfg = Debug|Win32
		{D0E894E7-F64C-4722-9807-9ABB1054D43A}.Unicode Debug.Build.0 = Debug|Win32
		{D0E894E7-F64C-4722-9807-9ABB1054D43A}.Unicode Release MinDependency.ActiveCfg = Release|Win32
		{D0E894E7-F64C-4722-9807-9ABB1054D43A}.Unicode Release MinDependency.Build.0 = Release|Win32
		{D0E894E7-F64C-4722-9807-9ABB1054D43A}.Unicode Release MinSize.ActiveCfg = Release|Win32
		{D0E894E7-F64C-4722-9807-9ABB1054D43A}.Unicode Release MinSize.Build.0 = Release|Win32
		{B2A68D1B-3EB3-4B16-B634-8D36AC4266EC}.Debug.ActiveCfg = Debug|Win32
		{B2A68D1B-3EB3-4B16-B634-8D36AC4266EC}.Debug.Build.0 = Debug|Win32
		{B2A68D1B-3EB3-4B16-B634-8D36AC4266EC}.Debug release.ActiveCfg = Debug|Win32
		{B2A68D1B-3EB3-4B16-B634-8D36AC4266EC}.Debug release.Build.0 = Debug|Win32
		{B2A68D1B-3EB3-4B16-B634-8D36AC4266EC}.Release.ActiveCfg = Release|Win32
		{B2A68D1B-3EB3-4B16-B634-8D36AC4266EC}.Release.Build.0 = Release|Win32
		{B2A68D1B-3EB3-4B16-B634-8D36AC4266EC}.Release avec debug.ActiveCfg = Release|Win32
		{B2A68D1B-3EB3-4B16-B634-8D36AC4266EC}.Release avec debug.Build.0 = Release|Win32
		{B2A68D1B-3EB3-4B16-B634-8D36AC4266EC}.Release MinDependency.ActiveCfg = Release|Win32
		{B2A68D1B-3EB3-4B16-B634-8D36AC4266EC}.Release MinDependency.Build.0 = Release|Win32
		{B2A68D1B-3EB3-4B16-B634-8D36AC4266EC}.Release MinSize.ActiveCfg = Release|Win32
		{B2A68D1B-3EB3-4B16-B634-8D36AC4266EC}.Release MinSize.Build.0 = Release|Win32
		{B2A68D1B-3EB3-4B16-B634-8D36AC4266EC}.Unicode Debug.ActiveCfg = Debug|Win32
		{B2A68D1B-3EB3-4B16-B634-8D36AC4266EC}.Unicode Debug.Build.0 = Debug|Win32
		{B2A68D1B-3EB3-4B16-B634-8D36AC4266EC}.Unicode Release MinDependency.ActiveCfg = Release|Win32
		{B2A68D1B-3EB3-4B16-B634-8D36AC4266EC}.Unicode Release MinDependency.Build.0 = Release|Win32
		{B2A68D1B-3EB3-4B16-B634-8D36AC4266EC}.Unicode Release MinSize.ActiveCfg = Release|Win32
		{B2A68D1B-3EB3-4B16-B634-8D36AC4266EC}.Unicode Release MinSize.Build.0 = Release|Win32
		{A8989022-60C3-4B84-8768-8967DC4DE06E}.Debug.ActiveCfg = Debug|Win32
		{A8989022-60C3-4B84-8768-8967DC4DE06E}.Debug.Build.0 = Debug|Win32
		{A8989022-60C3-4B84-8768-8967DC4DE06E}.Debug release.ActiveCfg = Debug|Win32
		{A8989022-60C3-4B84-8768-8967DC4DE06E}.Debug release.Build.0 = Debug|Win32
		{A8989022-60C3-4B84-8768-8967DC4DE06E}.Release.ActiveCfg = Release|Win32
		{A8989022-60C3-4B84-8768-8967DC4DE06E}.Release.Build.0 = Release|Win32
		{A8989022-60C3-4B84-8768-8967DC4DE06E}.Release avec debug.ActiveCfg = Release|Win32
		{A8989022-60C3-4B84-8768-8967DC4DE06E}.Release avec debug.Build.0 = Release|Win32
		{A8989022-60C3-4B84-8768-8967DC4DE06E}.Release MinDependency.ActiveCfg = Release|Win32
		{A8989022-60C3-4B84-8768-8967DC4DE06E}.Release MinDependency.Build.0 = Release|Win32
		{A8989022-60C3-4B84-8768-8967DC4DE06E}.Release MinSize.ActiveCfg = Release|Win32
		{A8989022-60C3-4B84-8768-8967DC4DE06E}.Release MinSize.Build.0 = Release|Win32
		{A8989022-60C3-4B84-8768-8967DC4DE06E}.Unicode Debug.ActiveCfg = Debug|Win32
		{A8989022-60C3-4B84-8768-8967DC4DE06E}.Unicode Debug.Build.0 = Debug|Win32
		{A8989022-60C3-4B84-8768-8967DC4DE06E}.Unicode Release MinDependency.ActiveCfg = Release|Win32
		{A8989022-60C3-4B84-8768-8967DC4DE06E}.Unicode Release MinDependency.Build.0 = Release|Win32
		{A8989022-60C3-4B84-8768-8967DC4DE06E}.Unicode Release MinSize.ActiveCfg = Release|Win32
		{A8989022-60C3-4B84-8768-8967DC4DE06E}.Unicode Release MinSize.Build.0 = Release|Win32
		{B978BD69-4DF2-4CBB-8843-213EC20538EF}.Debug.ActiveCfg = Debug|Win32
		{B978BD69-4DF2-4CBB-8843-213EC20538EF}.Debug.Build.0 = Debug|Win32
		{B978BD69-4DF2-4CBB-8843-213EC20538EF}.Debug release.ActiveCfg = Debug|Win32
		{B978BD69-4DF2-4CBB-8843-213EC20538EF}.Debug release.Build.0 = Debug|Win32
		{B978BD69-4DF2-4CBB-8843-213EC20538EF}.Release.ActiveCfg = Unicode Release MinDependency|Win32
		{B978BD69-4DF2-4CBB-8843-213EC20538EF}.Release.Build.0 = Unicode Release MinDependency|Win32
		{B978BD69-4DF2-4CBB-8843-213EC20538EF}.Release avec debug.ActiveCfg = Release MinSize|Win32
		{B978BD69-4DF2-4CBB-8843-213EC20538EF}.Release avec debug.Build.0 = Release MinSize|Win32
		{B978BD69-4DF2-4CBB-8843-213EC20538EF}.Release MinDependency.ActiveCfg = Release MinDependency|Win32
		{B978BD69-4DF2-4CBB-8843-213EC20538EF}.Release MinDependency.Build.0 = Release MinDependency|Win32
		{B978BD69-4DF2-4CBB-8843-213EC20538EF}.Release MinSize.ActiveCfg = Release MinSize|Win32
		{B978BD69-4DF2-4CBB-8843-213EC20538EF}.Release MinSize.Build.0 = Release MinSize|Win32
		{B978BD69-4DF2-4CBB-8843-213EC20538EF}.Unicode Debug.ActiveCfg = Unicode Debug|Win32
		{B978BD69-4DF2-4CBB-8843-213EC20538EF}.Unicode Debug.Build.0 = Unicode Debug|Win32
		{B978BD69-4DF2-4CBB-8843-213EC20538EF}.Unicode Release MinDependency.ActiveCfg = Unicode Release MinDependency|Win32
		{B978BD69-4DF2-4CBB-8843-213EC20538EF}.Unicode Release MinDependency.Build.0 = Unicode Release MinDependency|Win32
		{B978BD69-4DF2-4CBB-8843-213EC20538EF}.Unicode Release MinSize.ActiveCfg = Unicode Release MinSize|Win32
		{B978BD69-4DF2-4CBB-8843-213EC20538EF}.Unicode Release MinSize.Build.0 = Unicode Release MinSize|Win32
	EndGlobalSection
	GlobalSection(ExtensibilityGlobals) = postSolution
	EndGlobalSection
	GlobalSection(ExtensibilityAddIns) = postSolution
	EndGlobalSection
EndGlobal
